
Microsoft Visual Studio Solution File, Format Version 10.00
# Visual Basic Express 2008
Project("{F184B08F-C81C-45F6-A57F-5ABD9991F28F}") = "Proyecto_Formularios", "Proyecto_Formularios\Proyecto_Formularios.vbproj", "{6A26F8AE-A2B7-42EE-BDEF-96A5B4FDD34C}"
EndProject
Global
	GlobalSection(SolutionConfigurationPlatforms) = preSolution
		Debug|Any CPU = Debug|Any CPU
		Release|Any CPU = Release|Any CPU
	EndGlobalSection
	GlobalSection(ProjectConfigurationPlatforms) = postSolution
		{6A26F8AE-A2B7-42EE-BDEF-96A5B4FDD34C}.Debug|Any CPU.ActiveCfg = Debug|Any CPU
		{6A26F8AE-A2B7-42EE-BDEF-96A5B4FDD34C}.Debug|Any CPU.Build.0 = Debug|Any CPU
		{6A26F8AE-A2B7-42EE-BDEF-96A5B4FDD34C}.Release|Any CPU.ActiveCfg = Release|Any CPU
		{6A26F8AE-A2B7-42EE-BDEF-96A5B4FDD34C}.Release|Any CPU.Build.0 = Release|Any CPU
	EndGlobalSection
	GlobalSection(SolutionProperties) = preSolution
		HideSolutionNode = FALSE
	EndGlobalSection
EndGlobal
